// !$*UTF8*$!
{
	archiveVersion = 1;
	classes = {
	};
	objectVersion = 77;
	objects = {

/* Begin PBXBuildFile section */
		065EE9829856501A962398C4 /* UserProfileStore.swift in Sources */ = {isa = PBXBuildFile; fileRef = 5E5834EFFAA1A0E4DD333A31 /* UserProfileStore.swift */; };
		11DA62398CEC6DC3F0FD7AF2 /* HealthSnapshot.swift in Sources */ = {isa = PBXBuildFile; fileRef = 25A8DD800FE2AD95E32DCEDB /* HealthSnapshot.swift */; };
		26DA45489E490AD93A2E0B4B /* DeviceView.swift in Sources */ = {isa = PBXBuildFile; fileRef = D73694EC51BB2802A8AFA548 /* DeviceView.swift */; };
		2A65810947AA2AEEF09D2E1F /* MacroBarView.swift in Sources */ = {isa = PBXBuildFile; fileRef = 0C0061690FA349CF88438C9B /* MacroBarView.swift */; };
		2DFD2FFF99E80B7D3665EEF2 /* UserProfile.swift in Sources */ = {isa = PBXBuildFile; fileRef = 597FB9857EA63FEF43814D77 /* UserProfile.swift */; };
		323F3FF0CC1F865DEDD2C2B6 /* StatCardView.swift in Sources */ = {isa = PBXBuildFile; fileRef = A3B4E0A7AA829AB997CD7738 /* StatCardView.swift */; };
		4133EAF3398F79CF10AAB484 /* HealthKitService.swift in Sources */ = {isa = PBXBuildFile; fileRef = EB448ED04DF73D36AF1414E0 /* HealthKitService.swift */; };
		4D85813522FF181DFC0573B4 /* FiboHealthApp.swift in Sources */ = {isa = PBXBuildFile; fileRef = BD13B9821A0C42175F131D83 /* FiboHealthApp.swift */; };
		60A75F960925B66174333940 /* ActivityView.swift in Sources */ = {isa = PBXBuildFile; fileRef = 96EDB029CF5410AE7A5C6E0B /* ActivityView.swift */; };
		74484DC3A86BBF23C9119FB9 /* ContentView.swift in Sources */ = {isa = PBXBuildFile; fileRef = 015B1F85269765D15EE02CB3 /* ContentView.swift */; };
		A483533101C7B89789487A03 /* CalorieRingView.swift in Sources */ = {isa = PBXBuildFile; fileRef = CD463E0D1725E896B2F018EB /* CalorieRingView.swift */; };
		AA7008EBFB34BD88D6DA663B /* HealthKitFoodLoggerDiffTests.swift in Sources */ = {isa = PBXBuildFile; fileRef = E3C86CB57D3CC9E93C53AF3C /* HealthKitFoodLoggerDiffTests.swift */; };
		AB191C476E763A38E2BC7B74 /* AppEnvironment.swift in Sources */ = {isa = PBXBuildFile; fileRef = AF08E0713AE7E97FE7BA5BD6 /* AppEnvironment.swift */; };
		AE03C703D4998FB1B7278BDE /* FiboHealthTests.swift in Sources */ = {isa = PBXBuildFile; fileRef = 3D3A9C19F0B40D5BB9F50108 /* FiboHealthTests.swift */; };
		AE733EDA2D4333F1D5186F00 /* RootView.swift in Sources */ = {isa = PBXBuildFile; fileRef = 033CFE46A27FABDEADB6DD11 /* RootView.swift */; };
		B68E00F93A06A08871EDB440 /* FoodLogEntry.swift in Sources */ = {isa = PBXBuildFile; fileRef = C2BEF80057BCDEAF181D0DA6 /* FoodLogEntry.swift */; };
		C09C250DDB77D13AB188ED76 /* ProfileView.swift in Sources */ = {isa = PBXBuildFile; fileRef = BA5460F24741C1C27953AD87 /* ProfileView.swift */; };
		CEB6B30DCBAF4619E74E1CFD /* DashboardView.swift in Sources */ = {isa = PBXBuildFile; fileRef = C148D9E7D0D23406D700E278 /* DashboardView.swift */; };
		D23896EC4B69E36D83E99930 /* SessionState.swift in Sources */ = {isa = PBXBuildFile; fileRef = 391C3A5FDB33FA84FED0D169 /* SessionState.swift */; };
		D44193D9C010C02945D5B253 /* Settings.bundle in Resources */ = {isa = PBXBuildFile; fileRef = 625FA4E7583F1CA699F40611 /* Settings.bundle */; };
		DDB385D2EA135CB942EDFAC9 /* FoodLogEntryDecodeTests.swift in Sources */ = {isa = PBXBuildFile; fileRef = D93D5DAD01001B98072C0088 /* FoodLogEntryDecodeTests.swift */; };
		DE229D29E912837B4BADD160 /* FoodLogView.swift in Sources */ = {isa = PBXBuildFile; fileRef = 3B15A98E4E59777FE1D46250 /* FoodLogView.swift */; };
		E386C0A805DC1EA2855DBD2F /* HealthBadgeView.swift in Sources */ = {isa = PBXBuildFile; fileRef = F45EF33F80ECDD3FDB5709A1 /* HealthBadgeView.swift */; };
		E3CDCD2A51996FCD3BC0AC07 /* DesignTokens.swift in Sources */ = {isa = PBXBuildFile; fileRef = B81B9F185BE4C17515D7B7B6 /* DesignTokens.swift */; };
		E83C750F690C4CE8354EC712 /* HealthKitFoodLogger.swift in Sources */ = {isa = PBXBuildFile; fileRef = 1A12EF377E25B59CE3457B3F /* HealthKitFoodLogger.swift */; };
		F22773CCD8A9EB112A24D27E /* BluetoothClient.swift in Sources */ = {isa = PBXBuildFile; fileRef = EF5BB6FBCFF59EA7877F92ED /* BluetoothClient.swift */; };
/* End PBXBuildFile section */

/* Begin PBXContainerItemProxy section */
		17D7671CF0505A27C90F6F34 /* PBXContainerItemProxy */ = {
			isa = PBXContainerItemProxy;
			containerPortal = 442E57577BC95FC2ACA98F3B /* Project object */;
			proxyType = 1;
			remoteGlobalIDString = 7B38803E1EA09E03DAE8CAAA;
			remoteInfo = FiboHealth;
		};
/* End PBXContainerItemProxy section */

/* Begin PBXFileReference section */
		015B1F85269765D15EE02CB3 /* ContentView.swift */ = {isa = PBXFileReference; lastKnownFileType = sourcecode.swift; path = ContentView.swift; sourceTree = "<group>"; };
		033CFE46A27FABDEADB6DD11 /* RootView.swift */ = {isa = PBXFileReference; lastKnownFileType = sourcecode.swift; path = RootView.swift; sourceTree = "<group>"; };
		0C0061690FA349CF88438C9B /* MacroBarView.swift */ = {isa = PBXFileReference; lastKnownFileType = sourcecode.swift; path = MacroBarView.swift; sourceTree = "<group>"; };
		13E57A7E44C7A1762BC38CA2 /* FiboHealthTests.xctest */ = {isa = PBXFileReference; includeInIndex = 0; lastKnownFileType = wrapper.cfbundle; path = FiboHealthTests.xctest; sourceTree = BUILT_PRODUCTS_DIR; };
		1A12EF377E25B59CE3457B3F /* HealthKitFoodLogger.swift */ = {isa = PBXFileReference; lastKnownFileType = sourcecode.swift; path = HealthKitFoodLogger.swift; sourceTree = "<group>"; };
		25A8DD800FE2AD95E32DCEDB /* HealthSnapshot.swift */ = {isa = PBXFileReference; lastKnownFileType = sourcecode.swift; path = HealthSnapshot.swift; sourceTree = "<group>"; };
		391C3A5FDB33FA84FED0D169 /* SessionState.swift */ = {isa = PBXFileReference; lastKnownFileType = sourcecode.swift; path = SessionState.swift; sourceTree = "<group>"; };
		3B15A98E4E59777FE1D46250 /* FoodLogView.swift */ = {isa = PBXFileReference; lastKnownFileType = sourcecode.swift; path = FoodLogView.swift; sourceTree = "<group>"; };
		3D3A9C19F0B40D5BB9F50108 /* FiboHealthTests.swift */ = {isa = PBXFileReference; lastKnownFileType = sourcecode.swift; path = FiboHealthTests.swift; sourceTree = "<group>"; };
		597FB9857EA63FEF43814D77 /* UserProfile.swift */ = {isa = PBXFileReference; lastKnownFileType = sourcecode.swift; path = UserProfile.swift; sourceTree = "<group>"; };
		5DAC0F54E78AF29F53028DBE /* FiboHealth.app */ = {isa = PBXFileReference; includeInIndex = 0; lastKnownFileType = wrapper.application; path = FiboHealth.app; sourceTree = BUILT_PRODUCTS_DIR; };
		5E5834EFFAA1A0E4DD333A31 /* UserProfileStore.swift */ = {isa = PBXFileReference; lastKnownFileType = sourcecode.swift; path = UserProfileStore.swift; sourceTree = "<group>"; };
		625FA4E7583F1CA699F40611 /* Settings.bundle */ = {isa = PBXFileReference; lastKnownFileType = wrapper.cfbundle; path = Settings.bundle; sourceTree = "<group>"; };
		96EDB029CF5410AE7A5C6E0B /* ActivityView.swift */ = {isa = PBXFileReference; lastKnownFileType = sourcecode.swift; path = ActivityView.swift; sourceTree = "<group>"; };
		A3B4E0A7AA829AB997CD7738 /* StatCardView.swift */ = {isa = PBXFileReference; lastKnownFileType = sourcecode.swift; path = StatCardView.swift; sourceTree = "<group>"; };
		AF08E0713AE7E97FE7BA5BD6 /* AppEnvironment.swift */ = {isa = PBXFileReference; lastKnownFileType = sourcecode.swift; path = AppEnvironment.swift; sourceTree = "<group>"; };
		B81B9F185BE4C17515D7B7B6 /* DesignTokens.swift */ = {isa = PBXFileReference; lastKnownFileType = sourcecode.swift; path = DesignTokens.swift; sourceTree = "<group>"; };
		BA5460F24741C1C27953AD87 /* ProfileView.swift */ = {isa = PBXFileReference; lastKnownFileType = sourcecode.swift; path = ProfileView.swift; sourceTree = "<group>"; };
		BD13B9821A0C42175F131D83 /* FiboHealthApp.swift */ = {isa = PBXFileReference; lastKnownFileType = sourcecode.swift; path = FiboHealthApp.swift; sourceTree = "<group>"; };
		C148D9E7D0D23406D700E278 /* DashboardView.swift */ = {isa = PBXFileReference; lastKnownFileType = sourcecode.swift; path = DashboardView.swift; sourceTree = "<group>"; };
		C2BEF80057BCDEAF181D0DA6 /* FoodLogEntry.swift */ = {isa = PBXFileReference; lastKnownFileType = sourcecode.swift; path = FoodLogEntry.swift; sourceTree = "<group>"; };
		CD463E0D1725E896B2F018EB /* CalorieRingView.swift */ = {isa = PBXFileReference; lastKnownFileType = sourcecode.swift; path = CalorieRingView.swift; sourceTree = "<group>"; };
		D73694EC51BB2802A8AFA548 /* DeviceView.swift */ = {isa = PBXFileReference; lastKnownFileType = sourcecode.swift; path = DeviceView.swift; sourceTree = "<group>"; };
		D93D5DAD01001B98072C0088 /* FoodLogEntryDecodeTests.swift */ = {isa = PBXFileReference; lastKnownFileType = sourcecode.swift; path = FoodLogEntryDecodeTests.swift; sourceTree = "<group>"; };
		DF1E98F8927DF0F29BCB9FFC /* Info.plist */ = {isa = PBXFileReference; lastKnownFileType = text.plist; path = Info.plist; sourceTree = "<group>"; };
		E3C86CB57D3CC9E93C53AF3C /* HealthKitFoodLoggerDiffTests.swift */ = {isa = PBXFileReference; lastKnownFileType = sourcecode.swift; path = HealthKitFoodLoggerDiffTests.swift; sourceTree = "<group>"; };
		EB448ED04DF73D36AF1414E0 /* HealthKitService.swift */ = {isa = PBXFileReference; lastKnownFileType = sourcecode.swift; path = HealthKitService.swift; sourceTree = "<group>"; };
		EBDD54409B48EFBC597FEC32 /* Info.plist */ = {isa = PBXFileReference; lastKnownFileType = text.plist; path = Info.plist; sourceTree = "<group>"; };
		EF5BB6FBCFF59EA7877F92ED /* BluetoothClient.swift */ = {isa = PBXFileReference; lastKnownFileType = sourcecode.swift; path = BluetoothClient.swift; sourceTree = "<group>"; };
		F372DF6DE6D1D86BE4BF74C6 /* FiboHealth.entitlements */ = {isa = PBXFileReference; lastKnownFileType = text.plist.entitlements; path = FiboHealth.entitlements; sourceTree = "<group>"; };
		F45EF33F80ECDD3FDB5709A1 /* HealthBadgeView.swift */ = {isa = PBXFileReference; lastKnownFileType = sourcecode.swift; path = HealthBadgeView.swift; sourceTree = "<group>"; };
/* End PBXFileReference section */

/* Begin PBXGroup section */
		15B525ED99FD825850CD4199 = {
			isa = PBXGroup;
			children = (
				A93755AF2F8A04868464775F /* FiboHealth */,
				B90322509BD90FC6CC9425FD /* FiboHealthTests */,
				D5EF159A379AB3FABCC6CFB7 /* Products */,
			);
			sourceTree = "<group>";
		};
		1A913F808EAE337EAA315E80 /* Views */ = {
			isa = PBXGroup;
			children = (
				96EDB029CF5410AE7A5C6E0B /* ActivityView.swift */,
				C148D9E7D0D23406D700E278 /* DashboardView.swift */,
				D73694EC51BB2802A8AFA548 /* DeviceView.swift */,
				3B15A98E4E59777FE1D46250 /* FoodLogView.swift */,
				BA5460F24741C1C27953AD87 /* ProfileView.swift */,
				033CFE46A27FABDEADB6DD11 /* RootView.swift */,
			);
			path = Views;
			sourceTree = "<group>";
		};
		3D35DAC45F6907FD38634388 /* Services */ = {
			isa = PBXGroup;
			children = (
				EF5BB6FBCFF59EA7877F92ED /* BluetoothClient.swift */,
				1A12EF377E25B59CE3457B3F /* HealthKitFoodLogger.swift */,
				EB448ED04DF73D36AF1414E0 /* HealthKitService.swift */,
				5E5834EFFAA1A0E4DD333A31 /* UserProfileStore.swift */,
			);
			path = Services;
			sourceTree = "<group>";
		};
		A93755AF2F8A04868464775F /* FiboHealth */ = {
			isa = PBXGroup;
			children = (
				AF08E0713AE7E97FE7BA5BD6 /* AppEnvironment.swift */,
				015B1F85269765D15EE02CB3 /* ContentView.swift */,
				B81B9F185BE4C17515D7B7B6 /* DesignTokens.swift */,
				F372DF6DE6D1D86BE4BF74C6 /* FiboHealth.entitlements */,
				BD13B9821A0C42175F131D83 /* FiboHealthApp.swift */,
				DF1E98F8927DF0F29BCB9FFC /* Info.plist */,
				625FA4E7583F1CA699F40611 /* Settings.bundle */,
				B825FE8C669FF9A0C21CC840 /* Components */,
				E3152E7AECF8E8F0985A539B /* Models */,
				3D35DAC45F6907FD38634388 /* Services */,
				1A913F808EAE337EAA315E80 /* Views */,
			);
			path = FiboHealth;
			sourceTree = "<group>";
		};
		B825FE8C669FF9A0C21CC840 /* Components */ = {
			isa = PBXGroup;
			children = (
				CD463E0D1725E896B2F018EB /* CalorieRingView.swift */,
				F45EF33F80ECDD3FDB5709A1 /* HealthBadgeView.swift */,
				0C0061690FA349CF88438C9B /* MacroBarView.swift */,
				A3B4E0A7AA829AB997CD7738 /* StatCardView.swift */,
			);
			path = Components;
			sourceTree = "<group>";
		};
		B90322509BD90FC6CC9425FD /* FiboHealthTests */ = {
			isa = PBXGroup;
			children = (
				3D3A9C19F0B40D5BB9F50108 /* FiboHealthTests.swift */,
				D93D5DAD01001B98072C0088 /* FoodLogEntryDecodeTests.swift */,
				E3C86CB57D3CC9E93C53AF3C /* HealthKitFoodLoggerDiffTests.swift */,
				EBDD54409B48EFBC597FEC32 /* Info.plist */,
			);
			path = FiboHealthTests;
			sourceTree = "<group>";
		};
		D5EF159A379AB3FABCC6CFB7 /* Products */ = {
			isa = PBXGroup;
			children = (
				5DAC0F54E78AF29F53028DBE /* FiboHealth.app */,
				13E57A7E44C7A1762BC38CA2 /* FiboHealthTests.xctest */,
			);
			name = Products;
			sourceTree = "<group>";
		};
		E3152E7AECF8E8F0985A539B /* Models */ = {
			isa = PBXGroup;
			children = (
				C2BEF80057BCDEAF181D0DA6 /* FoodLogEntry.swift */,
				25A8DD800FE2AD95E32DCEDB /* HealthSnapshot.swift */,
				391C3A5FDB33FA84FED0D169 /* SessionState.swift */,
				597FB9857EA63FEF43814D77 /* UserProfile.swift */,
			);
			path = Models;
			sourceTree = "<group>";
		};
/* End PBXGroup section */

/* Begin PBXNativeTarget section */
		131833C9DE7BEAE9C9376EEF /* FiboHealthTests */ = {
			isa = PBXNativeTarget;
			buildConfigurationList = 95092DBCC7F9273E4751520C /* Build configuration list for PBXNativeTarget "FiboHealthTests" */;
			buildPhases = (
				BC0A6EA625D7C72C37BD15B6 /* Sources */,
			);
			buildRules = (
			);
			dependencies = (
				0ECF28A71F5854566FA99530 /* PBXTargetDependency */,
			);
			name = FiboHealthTests;
			packageProductDependencies = (
			);
			productName = FiboHealthTests;
			productReference = 13E57A7E44C7A1762BC38CA2 /* FiboHealthTests.xctest */;
			productType = "com.apple.product-type.bundle.unit-test";
		};
		7B38803E1EA09E03DAE8CAAA /* FiboHealth */ = {
			isa = PBXNativeTarget;
			buildConfigurationList = A187FF91F4E9FF0E77E31BB4 /* Build configuration list for PBXNativeTarget "FiboHealth" */;
			buildPhases = (
				638CCA592394B2BFA1581649 /* Sources */,
				7BB9F889B60FCEE00FB88ACC /* Resources */,
			);
			buildRules = (
			);
			dependencies = (
			);
			name = FiboHealth;
			packageProductDependencies = (
			);
			productName = FiboHealth;
			productReference = 5DAC0F54E78AF29F53028DBE /* FiboHealth.app */;
			productType = "com.apple.product-type.application";
		};
/* End PBXNativeTarget section */

/* Begin PBXProject section */
		442E57577BC95FC2ACA98F3B /* Project object */ = {
			isa = PBXProject;
			attributes = {
				BuildIndependentTargetsInParallel = YES;
				LastUpgradeCheck = 1500;
				TargetAttributes = {
					7B38803E1EA09E03DAE8CAAA = {
						DevelopmentTeam = S7WWCVL5XU;
					};
				};
			};
			buildConfigurationList = CB659AD1B21C4B73145E024A /* Build configuration list for PBXProject "FiboHealth" */;
			developmentRegion = en;
			hasScannedForEncodings = 0;
			knownRegions = (
				Base,
				en,
			);
			mainGroup = 15B525ED99FD825850CD4199;
			minimizedProjectReferenceProxies = 1;
			preferredProjectObjectVersion = 77;
			productRefGroup = D5EF159A379AB3FABCC6CFB7 /* Products */;
			projectDirPath = "";
			projectRoot = "";
			targets = (
				7B38803E1EA09E03DAE8CAAA /* FiboHealth */,
				131833C9DE7BEAE9C9376EEF /* FiboHealthTests */,
			);
		};
/* End PBXProject section */

/* Begin PBXResourcesBuildPhase section */
		7BB9F889B60FCEE00FB88ACC /* Resources */ = {
			isa = PBXResourcesBuildPhase;
			buildActionMask = 2147483647;
			files = (
				D44193D9C010C02945D5B253 /* Settings.bundle in Resources */,
			);
			runOnlyForDeploymentPostprocessing = 0;
		};
/* End PBXResourcesBuildPhase section */

/* Begin PBXSourcesBuildPhase section */
		638CCA592394B2BFA1581649 /* Sources */ = {
			isa = PBXSourcesBuildPhase;
			buildActionMask = 2147483647;
			files = (
				60A75F960925B66174333940 /* ActivityView.swift in Sources */,
				AB191C476E763A38E2BC7B74 /* AppEnvironment.swift in Sources */,
				F22773CCD8A9EB112A24D27E /* BluetoothClient.swift in Sources */,
				A483533101C7B89789487A03 /* CalorieRingView.swift in Sources */,
				74484DC3A86BBF23C9119FB9 /* ContentView.swift in Sources */,
				CEB6B30DCBAF4619E74E1CFD /* DashboardView.swift in Sources */,
				E3CDCD2A51996FCD3BC0AC07 /* DesignTokens.swift in Sources */,
				26DA45489E490AD93A2E0B4B /* DeviceView.swift in Sources */,
				4D85813522FF181DFC0573B4 /* FiboHealthApp.swift in Sources */,
				B68E00F93A06A08871EDB440 /* FoodLogEntry.swift in Sources */,
				DE229D29E912837B4BADD160 /* FoodLogView.swift in Sources */,
				E386C0A805DC1EA2855DBD2F /* HealthBadgeView.swift in Sources */,
				E83C750F690C4CE8354EC712 /* HealthKitFoodLogger.swift in Sources */,
				4133EAF3398F79CF10AAB484 /* HealthKitService.swift in Sources */,
				11DA62398CEC6DC3F0FD7AF2 /* HealthSnapshot.swift in Sources */,
				2A65810947AA2AEEF09D2E1F /* MacroBarView.swift in Sources */,
				C09C250DDB77D13AB188ED76 /* ProfileView.swift in Sources */,
				AE733EDA2D4333F1D5186F00 /* RootView.swift in Sources */,
				D23896EC4B69E36D83E99930 /* SessionState.swift in Sources */,
				323F3FF0CC1F865DEDD2C2B6 /* StatCardView.swift in Sources */,
				2DFD2FFF99E80B7D3665EEF2 /* UserProfile.swift in Sources */,
				065EE9829856501A962398C4 /* UserProfileStore.swift in Sources */,
			);
			runOnlyForDeploymentPostprocessing = 0;
		};
		BC0A6EA625D7C72C37BD15B6 /* Sources */ = {
			isa = PBXSourcesBuildPhase;
			buildActionMask = 2147483647;
			files = (
				AE03C703D4998FB1B7278BDE /* FiboHealthTests.swift in Sources */,
				DDB385D2EA135CB942EDFAC9 /* FoodLogEntryDecodeTests.swift in Sources */,
				AA7008EBFB34BD88D6DA663B /* HealthKitFoodLoggerDiffTests.swift in Sources */,
			);
			runOnlyForDeploymentPostprocessing = 0;
		};
/* End PBXSourcesBuildPhase section */

/* Begin PBXTargetDependency section */
		0ECF28A71F5854566FA99530 /* PBXTargetDependency */ = {
			isa = PBXTargetDependency;
			target = 7B38803E1EA09E03DAE8CAAA /* FiboHealth */;
			targetProxy = 17D7671CF0505A27C90F6F34 /* PBXContainerItemProxy */;
		};
/* End PBXTargetDependency section */

/* Begin XCBuildConfiguration section */
		57E7DFAE7FDA802CBB2FC31A /* Debug */ = {
			isa = XCBuildConfiguration;
			buildSettings = {
				ALWAYS_SEARCH_USER_PATHS = NO;
				CLANG_ANALYZER_NONNULL = YES;
				CLANG_ANALYZER_NUMBER_OBJECT_CONVERSION = YES_AGGRESSIVE;
				CLANG_CXX_LANGUAGE_STANDARD = "gnu++14";
				CLANG_CXX_LIBRARY = "libc++";
				CLANG_ENABLE_MODULES = YES;
				CLANG_ENABLE_OBJC_ARC = YES;
				CLANG_ENABLE_OBJC_WEAK = YES;
				CLANG_WARN_BLOCK_CAPTURE_AUTORELEASING = YES;
				CLANG_WARN_BOOL_CONVERSION = YES;
				CLANG_WARN_COMMA = YES;
				CLANG_WARN_CONSTANT_CONVERSION = YES;
				CLANG_WARN_DEPRECATED_OBJC_IMPLEMENTATIONS = YES;
				CLANG_WARN_DIRECT_OBJC_ISA_USAGE = YES_ERROR;
				CLANG_WARN_DOCUMENTATION_COMMENTS = YES;
				CLANG_WARN_EMPTY_BODY = YES;
				CLANG_WARN_ENUM_CONVERSION = YES;
				CLANG_WARN_INFINITE_RECURSION = YES;
				CLANG_WARN_INT_CONVERSION = YES;
				CLANG_WARN_NON_LITERAL_NULL_CONVERSION = YES;
				CLANG_WARN_OBJC_IMPLICIT_RETAIN_SELF = YES;
				CLANG_WARN_OBJC_LITERAL_CONVERSION = YES;
				CLANG_WARN_OBJC_ROOT_CLASS = YES_ERROR;
				CLANG_WARN_QUOTED_INCLUDE_IN_FRAMEWORK_HEADER = YES;
				CLANG_WARN_RANGE_LOOP_ANALYSIS = YES;
				CLANG_WARN_STRICT_PROTOTYPES = YES;
				CLANG_WARN_SUSPICIOUS_MOVE = YES;
				CLANG_WARN_UNGUARDED_AVAILABILITY = YES_AGGRESSIVE;
				CLANG_WARN_UNREACHABLE_CODE = YES;
				CLANG_WARN__DUPLICATE_METHOD_MATCH = YES;
				COPY_PHASE_STRIP = NO;
				DEBUG_INFORMATION_FORMAT = dwarf;
				ENABLE_STRICT_OBJC_MSGSEND = YES;
				ENABLE_TESTABILITY = YES;
				GCC_C_LANGUAGE_STANDARD = gnu11;
				GCC_DYNAMIC_NO_PIC = NO;
				GCC_NO_COMMON_BLOCKS = YES;
				GCC_OPTIMIZATION_LEVEL = 0;
				GCC_PREPROCESSOR_DEFINITIONS = (
					"$(inherited)",
					"DEBUG=1",
				);
				GCC_WARN_64_TO_32_BIT_CONVERSION = YES;
				GCC_WARN_ABOUT_RETURN_TYPE = YES_ERROR;
				GCC_WARN_UNDECLARED_SELECTOR = YES;
				GCC_WARN_UNINITIALIZED_AUTOS = YES_AGGRESSIVE;
				GCC_WARN_UNUSED_FUNCTION = YES;
				GCC_WARN_UNUSED_VARIABLE = YES;
				IPHONEOS_DEPLOYMENT_TARGET = 17.0;
				MTL_ENABLE_DEBUG_INFO = INCLUDE_SOURCE;
				MTL_FAST_MATH = YES;
				ONLY_ACTIVE_ARCH = YES;
				PRODUCT_NAME = "$(TARGET_NAME)";
				SDKROOT = iphoneos;
				SWIFT_ACTIVE_COMPILATION_CONDITIONS = DEBUG;
				SWIFT_OPTIMIZATION_LEVEL = "-Onone";
				SWIFT_VERSION = 5.9;
			};
			name = Debug;
		};
		5E7F9BC26D765EFF81B3B083 /* Release */ = {
			isa = XCBuildConfiguration;
			buildSettings = {
				ASSETCATALOG_COMPILER_APPICON_NAME = AppIcon;
				CODE_SIGN_ENTITLEMENTS = FiboHealth/FiboHealth.entitlements;
				CODE_SIGN_IDENTITY = "iPhone Developer";
				DEVELOPMENT_TEAM = S7WWCVL5XU;
				INFOPLIST_FILE = FiboHealth/Info.plist;
				IPHONEOS_DEPLOYMENT_TARGET = 17.0;
				LD_RUNPATH_SEARCH_PATHS = (
					"$(inherited)",
					"@executable_path/Frameworks",
				);
				PRODUCT_BUNDLE_IDENTIFIER = com.fibonacci.fibohealth;
				SDKROOT = iphoneos;
				SWIFT_VERSION = 5.9;
				TARGETED_DEVICE_FAMILY = "1,2";
			};
			name = Release;
		};
		A139719AEC04A99A7B3D7C4D /* Debug */ = {
			isa = XCBuildConfiguration;
			buildSettings = {
				BUNDLE_LOADER = "$(TEST_HOST)";
				GENERATE_INFOPLIST_FILE = NO;
				INFOPLIST_FILE = FiboHealthTests/Info.plist;
				IPHONEOS_DEPLOYMENT_TARGET = 17.0;
				LD_RUNPATH_SEARCH_PATHS = (
					"$(inherited)",
					"@executable_path/Frameworks",
					"@loader_path/Frameworks",
				);
				PRODUCT_BUNDLE_IDENTIFIER = com.fibonacci.fibohealth.tests;
				SDKROOT = iphoneos;
				SWIFT_VERSION = 5.9;
				TARGETED_DEVICE_FAMILY = "1,2";
				TEST_HOST = "$(BUILT_PRODUCTS_DIR)/FiboHealth.app/FiboHealth";
			};
			name = Debug;
		};
		C5CBB7E4D854AC2D2AE401D4 /* Release */ = {
			isa = XCBuildConfiguration;
			buildSettings = {
				ALWAYS_SEARCH_USER_PATHS = NO;
				CLANG_ANALYZER_NONNULL = YES;
				CLANG_ANALYZER_NUMBER_OBJECT_CONVERSION = YES_AGGRESSIVE;
				CLANG_CXX_LANGUAGE_STANDARD = "gnu++14";
				CLANG_CXX_LIBRARY = "libc++";
				CLANG_ENABLE_MODULES = YES;
				CLANG_ENABLE_OBJC_ARC = YES;
				CLANG_ENABLE_OBJC_WEAK = YES;
				CLANG_WARN_BLOCK_CAPTURE_AUTORELEASING = YES;
				CLANG_WARN_BOOL_CONVERSION = YES;
				CLANG_WARN_COMMA = YES;
				CLANG_WARN_CONSTANT_CONVERSION = YES;
				CLANG_WARN_DEPRECATED_OBJC_IMPLEMENTATIONS = YES;
				CLANG_WARN_DIRECT_OBJC_ISA_USAGE = YES_ERROR;
				CLANG_WARN_DOCUMENTATION_COMMENTS = YES;
				CLANG_WARN_EMPTY_BODY = YES;
				CLANG_WARN_ENUM_CONVERSION = YES;
				CLANG_WARN_INFINITE_RECURSION = YES;
				CLANG_WARN_INT_CONVERSION = YES;
				CLANG_WARN_NON_LITERAL_NULL_CONVERSION = YES;
				CLANG_WARN_OBJC_IMPLICIT_RETAIN_SELF = YES;
				CLANG_WARN_OBJC_LITERAL_CONVERSION = YES;
				CLANG_WARN_OBJC_ROOT_CLASS = YES_ERROR;
				CLANG_WARN_QUOTED_INCLUDE_IN_FRAMEWORK_HEADER = YES;
				CLANG_WARN_RANGE_LOOP_ANALYSIS = YES;
				CLANG_WARN_STRICT_PROTOTYPES = YES;
				CLANG_WARN_SUSPICIOUS_MOVE = YES;
				CLANG_WARN_UNGUARDED_AVAILABILITY = YES_AGGRESSIVE;
				CLANG_WARN_UNREACHABLE_CODE = YES;
				CLANG_WARN__DUPLICATE_METHOD_MATCH = YES;
				COPY_PHASE_STRIP = NO;
				DEBUG_INFORMATION_FORMAT = "dwarf-with-dsym";
				ENABLE_NS_ASSERTIONS = NO;
				ENABLE_STRICT_OBJC_MSGSEND = YES;
				GCC_C_LANGUAGE_STANDARD = gnu11;
				GCC_NO_COMMON_BLOCKS = YES;
				GCC_WARN_64_TO_32_BIT_CONVERSION = YES;
				GCC_WARN_ABOUT_RETURN_TYPE = YES_ERROR;
				GCC_WARN_UNDECLARED_SELECTOR = YES;
				GCC_WARN_UNINITIALIZED_AUTOS = YES_AGGRESSIVE;
				GCC_WARN_UNUSED_FUNCTION = YES;
				GCC_WARN_UNUSED_VARIABLE = YES;
				IPHONEOS_DEPLOYMENT_TARGET = 17.0;
				MTL_ENABLE_DEBUG_INFO = NO;
				MTL_FAST_MATH = YES;
				PRODUCT_NAME = "$(TARGET_NAME)";
				SDKROOT = iphoneos;
				SWIFT_COMPILATION_MODE = wholemodule;
				SWIFT_OPTIMIZATION_LEVEL = "-O";
				SWIFT_VERSION = 5.9;
			};
			name = Release;
		};
		DC4DEFC29703A0DDA15AA25C /* Debug */ = {
			isa = XCBuildConfiguration;
			buildSettings = {
				ASSETCATALOG_COMPILER_APPICON_NAME = AppIcon;
				CODE_SIGN_ENTITLEMENTS = FiboHealth/FiboHealth.entitlements;
				CODE_SIGN_IDENTITY = "iPhone Developer";
				DEVELOPMENT_TEAM = S7WWCVL5XU;
				INFOPLIST_FILE = FiboHealth/Info.plist;
				IPHONEOS_DEPLOYMENT_TARGET = 17.0;
				LD_RUNPATH_SEARCH_PATHS = (
					"$(inherited)",
					"@executable_path/Frameworks",
				);
				PRODUCT_BUNDLE_IDENTIFIER = com.fibonacci.fibohealth;
				SDKROOT = iphoneos;
				SWIFT_VERSION = 5.9;
				TARGETED_DEVICE_FAMILY = "1,2";
			};
			name = Debug;
		};
		F70592408D778C6D74A45674 /* Release */ = {
			isa = XCBuildConfiguration;
			buildSettings = {
				BUNDLE_LOADER = "$(TEST_HOST)";
				GENERATE_INFOPLIST_FILE = NO;
				INFOPLIST_FILE = FiboHealthTests/Info.plist;
				IPHONEOS_DEPLOYMENT_TARGET = 17.0;
				LD_RUNPATH_SEARCH_PATHS = (
					"$(inherited)",
					"@executable_path/Frameworks",
					"@loader_path/Frameworks",
				);
				PRODUCT_BUNDLE_IDENTIFIER = com.fibonacci.fibohealth.tests;
				SDKROOT = iphoneos;
				SWIFT_VERSION = 5.9;
				TARGETED_DEVICE_FAMILY = "1,2";
				TEST_HOST = "$(BUILT_PRODUCTS_DIR)/FiboHealth.app/FiboHealth";
			};
			name = Release;
		};
/* End XCBuildConfiguration section */

/* Begin XCConfigurationList section */
		95092DBCC7F9273E4751520C /* Build configuration list for PBXNativeTarget "FiboHealthTests" */ = {
			isa = XCConfigurationList;
			buildConfigurations = (
				A139719AEC04A99A7B3D7C4D /* Debug */,
				F70592408D778C6D74A45674 /* Release */,
			);
			defaultConfigurationIsVisible = 0;
			defaultConfigurationName = Debug;
		};
		A187FF91F4E9FF0E77E31BB4 /* Build configuration list for PBXNativeTarget "FiboHealth" */ = {
			isa = XCConfigurationList;
			buildConfigurations = (
				DC4DEFC29703A0DDA15AA25C /* Debug */,
				5E7F9BC26D765EFF81B3B083 /* Release */,
			);
			defaultConfigurationIsVisible = 0;
			defaultConfigurationName = Debug;
		};
		CB659AD1B21C4B73145E024A /* Build configuration list for PBXProject "FiboHealth" */ = {
			isa = XCConfigurationList;
			buildConfigurations = (
				57E7DFAE7FDA802CBB2FC31A /* Debug */,
				C5CBB7E4D854AC2D2AE401D4 /* Release */,
			);
			defaultConfigurationIsVisible = 0;
			defaultConfigurationName = Debug;
		};
/* End XCConfigurationList section */
	};
	rootObject = 442E57577BC95FC2ACA98F3B /* Project object */;
}
